
Microsoft Visual Studio Solution File, Format Version 12.00
# Visual Studio 15
VisualStudioVersion = 15.0.28307.960
MinimumVisualStudioVersion = 10.0.40219.1
Project("{FAE04EC0-301F-11D3-BF4B-00C04F79EFBC}") = "Game1", "Game1\Game1.csproj", "{CAA57EE6-B78B-4CE4-9553-1AC065E52480}"
EndProject
Global
	GlobalSection(SolutionConfigurationPlatforms) = preSolution
		Debug|Any CPU = Debug|Any CPU
		Release|Any CPU = Release|Any CPU
	EndGlobalSection
	GlobalSection(ProjectConfigurationPlatforms) = postSolution
		{CAA57EE6-B78B-4CE4-9553-1AC065E52480}.Debug|Any CPU.ActiveCfg = Debug|Any CPU
		{CAA57EE6-B78B-4CE4-9553-1AC065E52480}.Debug|Any CPU.Build.0 = Debug|Any CPU
		{CAA57EE6-B78B-4CE4-9553-1AC065E52480}.Release|Any CPU.ActiveCfg = Release|Any CPU
		{CAA57EE6-B78B-4CE4-9553-1AC065E52480}.Release|Any CPU.Build.0 = Release|Any CPU
	EndGlobalSection
	GlobalSection(SolutionProperties) = preSolution
		HideSolutionNode = FALSE
	EndGlobalSection
	GlobalSection(ExtensibilityGlobals) = postSolution
		SolutionGuid = {C0893C57-183A-4AB9-BBDA-07B7CD4F6E07}
	EndGlobalSection
EndGlobal
